
Microsoft Visual Studio Solution File, Format Version 12.00
# Visual Studio Version 16
VisualStudioVersion = 16.0.29111.141
MinimumVisualStudioVersion = 10.0.40219.1
Project("{FAE04EC0-301F-11D3-BF4B-00C04F79EFBC}") = "DataGridEditBySeparateButton", "DataGridEditBySeparateButton\DataGridEditBySeparateButton.csproj", "{96DC7130-6610-4562-B97C-A2F05D5E6E10}"
EndProject
Global
	GlobalSection(SolutionConfigurationPlatforms) = preSolution
		Debug|Any CPU = Debug|Any CPU
		Release|Any CPU = Release|Any CPU
	EndGlobalSection
	GlobalSection(ProjectConfigurationPlatforms) = postSolution
		{96DC7130-6610-4562-B97C-A2F05D5E6E10}.Debug|Any CPU.ActiveCfg = Debug|Any CPU
		{96DC7130-6610-4562-B97C-A2F05D5E6E10}.Debug|Any CPU.Build.0 = Debug|Any CPU
		{96DC7130-6610-4562-B97C-A2F05D5E6E10}.Release|Any CPU.ActiveCfg = Release|Any CPU
		{96DC7130-6610-4562-B97C-A2F05D5E6E10}.Release|Any CPU.Build.0 = Release|Any CPU
	EndGlobalSection
	GlobalSection(SolutionProperties) = preSolution
		HideSolutionNode = FALSE
	EndGlobalSection
	GlobalSection(ExtensibilityGlobals) = postSolution
		SolutionGuid = {DB7EF24C-E16D-4F50-83DF-C04B870D728D}
	EndGlobalSection
EndGlobal
