
Microsoft Visual Studio Solution File, Format Version 12.00
# Visual Studio Version 17
VisualStudioVersion = 17.0.32112.339
MinimumVisualStudioVersion = 10.0.40219.1
Project("{FAE04EC0-301F-11D3-BF4B-00C04F79EFBC}") = "SampleBlazorApp", "SampleBlazorApp\SampleBlazorApp.csproj", "{E93F3F1F-67FF-4B7A-9296-46D4200D81CF}"
EndProject
Global
	GlobalSection(SolutionConfigurationPlatforms) = preSolution
		Debug|Any CPU = Debug|Any CPU
		Release|Any CPU = Release|Any CPU
	EndGlobalSection
	GlobalSection(ProjectConfigurationPlatforms) = postSolution
		{E93F3F1F-67FF-4B7A-9296-46D4200D81CF}.Debug|Any CPU.ActiveCfg = Debug|Any CPU
		{E93F3F1F-67FF-4B7A-9296-46D4200D81CF}.Debug|Any CPU.Build.0 = Debug|Any CPU
		{E93F3F1F-67FF-4B7A-9296-46D4200D81CF}.Release|Any CPU.ActiveCfg = Release|Any CPU
		{E93F3F1F-67FF-4B7A-9296-46D4200D81CF}.Release|Any CPU.Build.0 = Release|Any CPU
	EndGlobalSection
	GlobalSection(SolutionProperties) = preSolution
		HideSolutionNode = FALSE
	EndGlobalSection
	GlobalSection(ExtensibilityGlobals) = postSolution
		SolutionGuid = {753098A9-0B9B-4795-BF85-3C5D420754DA}
	EndGlobalSection
EndGlobal
